
Microsoft Visual Studio Solution File, Format Version 12.00
# Visual Studio Version 17
VisualStudioVersion = 17.13.35806.99 d17.13
MinimumVisualStudioVersion = 10.0.40219.1
Project("{FAE04EC0-301F-11D3-BF4B-00C04F79EFBC}") = "Shapes", "Shapes\Shapes.csproj", "{5E056687-DCE2-4490-869D-A67F486DADEC}"
EndProject
Project("{FAE04EC0-301F-11D3-BF4B-00C04F79EFBC}") = "Cars", "Cars\Cars.csproj", "{70E1BDEA-4378-4E76-A0E0-242676BD4BA1}"
EndProject
Project("{FAE04EC0-301F-11D3-BF4B-00C04F79EFBC}") = "PersonInfo", "PersonInfo\PersonInfo.csproj", "{9C730BF0-F51E-495C-BE34-76F175DD643A}"
EndProject
Project("{FAE04EC0-301F-11D3-BF4B-00C04F79EFBC}") = "Telephony", "Telephony\Telephony.csproj", "{7CC785EE-2BD3-43FC-B4F7-5674E0DCBB14}"
EndProject
Global
	GlobalSection(SolutionConfigurationPlatforms) = preSolution
		Debug|Any CPU = Debug|Any CPU
		Release|Any CPU = Release|Any CPU
	EndGlobalSection
	GlobalSection(ProjectConfigurationPlatforms) = postSolution
		{5E056687-DCE2-4490-869D-A67F486DADEC}.Debug|Any CPU.ActiveCfg = Debug|Any CPU
		{5E056687-DCE2-4490-869D-A67F486DADEC}.Debug|Any CPU.Build.0 = Debug|Any CPU
		{5E056687-DCE2-4490-869D-A67F486DADEC}.Release|Any CPU.ActiveCfg = Release|Any CPU
		{5E056687-DCE2-4490-869D-A67F486DADEC}.Release|Any CPU.Build.0 = Release|Any CPU
		{70E1BDEA-4378-4E76-A0E0-242676BD4BA1}.Debug|Any CPU.ActiveCfg = Debug|Any CPU
		{70E1BDEA-4378-4E76-A0E0-242676BD4BA1}.Debug|Any CPU.Build.0 = Debug|Any CPU
		{70E1BDEA-4378-4E76-A0E0-242676BD4BA1}.Release|Any CPU.ActiveCfg = Release|Any CPU
		{70E1BDEA-4378-4E76-A0E0-242676BD4BA1}.Release|Any CPU.Build.0 = Release|Any CPU
		{9C730BF0-F51E-495C-BE34-76F175DD643A}.Debug|Any CPU.ActiveCfg = Debug|Any CPU
		{9C730BF0-F51E-495C-BE34-76F175DD643A}.Debug|Any CPU.Build.0 = Debug|Any CPU
		{9C730BF0-F51E-495C-BE34-76F175DD643A}.Release|Any CPU.ActiveCfg = Release|Any CPU
		{9C730BF0-F51E-495C-BE34-76F175DD643A}.Release|Any CPU.Build.0 = Release|Any CPU
		{7CC785EE-2BD3-43FC-B4F7-5674E0DCBB14}.Debug|Any CPU.ActiveCfg = Debug|Any CPU
		{7CC785EE-2BD3-43FC-B4F7-5674E0DCBB14}.Debug|Any CPU.Build.0 = Debug|Any CPU
		{7CC785EE-2BD3-43FC-B4F7-5674E0DCBB14}.Release|Any CPU.ActiveCfg = Release|Any CPU
		{7CC785EE-2BD3-43FC-B4F7-5674E0DCBB14}.Release|Any CPU.Build.0 = Release|Any CPU
	EndGlobalSection
	GlobalSection(SolutionProperties) = preSolution
		HideSolutionNode = FALSE
	EndGlobalSection
	GlobalSection(ExtensibilityGlobals) = postSolution
		SolutionGuid = {43DE80B1-A503-47FF-BDD2-530E8430A8DA}
	EndGlobalSection
EndGlobal
