
Microsoft Visual Studio Solution File, Format Version 12.00
# Visual Studio Version 17
VisualStudioVersion = 17.13.35806.99 d17.13
MinimumVisualStudioVersion = 10.0.40219.1
Project("{FAE04EC0-301F-11D3-BF4B-00C04F79EFBC}") = "SquareRoot", "SquareRoot\SquareRoot.csproj", "{433FC0B0-3309-40B9-9CED-8B367DA89BE5}"
EndProject
Global
	GlobalSection(SolutionConfigurationPlatforms) = preSolution
		Debug|Any CPU = Debug|Any CPU
		Release|Any CPU = Release|Any CPU
	EndGlobalSection
	GlobalSection(ProjectConfigurationPlatforms) = postSolution
		{433FC0B0-3309-40B9-9CED-8B367DA89BE5}.Debug|Any CPU.ActiveCfg = Debug|Any CPU
		{433FC0B0-3309-40B9-9CED-8B367DA89BE5}.Debug|Any CPU.Build.0 = Debug|Any CPU
		{433FC0B0-3309-40B9-9CED-8B367DA89BE5}.Release|Any CPU.ActiveCfg = Release|Any CPU
		{433FC0B0-3309-40B9-9CED-8B367DA89BE5}.Release|Any CPU.Build.0 = Release|Any CPU
	EndGlobalSection
	GlobalSection(SolutionProperties) = preSolution
		HideSolutionNode = FALSE
	EndGlobalSection
	GlobalSection(ExtensibilityGlobals) = postSolution
		SolutionGuid = {FC9E18CB-525C-4DC9-B049-346506EEB12C}
	EndGlobalSection
EndGlobal
