
Microsoft Visual Studio Solution File, Format Version 12.00
# Visual Studio Version 17
VisualStudioVersion = 17.13.35806.99 d17.13
MinimumVisualStudioVersion = 10.0.40219.1
Project("{FAE04EC0-301F-11D3-BF4B-00C04F79EFBC}") = "MathOperation", "MathOperation\MathOperation.csproj", "{49A38422-8A36-428E-8470-403DA0836512}"
EndProject
Project("{FAE04EC0-301F-11D3-BF4B-00C04F79EFBC}") = "Animals", "Animals\Animals.csproj", "{94209A86-D5D1-4783-B5BE-33C3FB471AB1}"
EndProject
Project("{FAE04EC0-301F-11D3-BF4B-00C04F79EFBC}") = "Shapes", "Shapes\Shapes.csproj", "{5E8AA154-1203-4EBC-A738-765D970C3BF4}"
EndProject
Project("{FAE04EC0-301F-11D3-BF4B-00C04F79EFBC}") = "Vehicles", "Vehicles\Vehicles.csproj", "{CEE29293-7FD2-4F12-9A94-F520432417A2}"
EndProject
Global
	GlobalSection(SolutionConfigurationPlatforms) = preSolution
		Debug|Any CPU = Debug|Any CPU
		Release|Any CPU = Release|Any CPU
	EndGlobalSection
	GlobalSection(ProjectConfigurationPlatforms) = postSolution
		{49A38422-8A36-428E-8470-403DA0836512}.Debug|Any CPU.ActiveCfg = Debug|Any CPU
		{49A38422-8A36-428E-8470-403DA0836512}.Debug|Any CPU.Build.0 = Debug|Any CPU
		{49A38422-8A36-428E-8470-403DA0836512}.Release|Any CPU.ActiveCfg = Release|Any CPU
		{49A38422-8A36-428E-8470-403DA0836512}.Release|Any CPU.Build.0 = Release|Any CPU
		{94209A86-D5D1-4783-B5BE-33C3FB471AB1}.Debug|Any CPU.ActiveCfg = Debug|Any CPU
		{94209A86-D5D1-4783-B5BE-33C3FB471AB1}.Debug|Any CPU.Build.0 = Debug|Any CPU
		{94209A86-D5D1-4783-B5BE-33C3FB471AB1}.Release|Any CPU.ActiveCfg = Release|Any CPU
		{94209A86-D5D1-4783-B5BE-33C3FB471AB1}.Release|Any CPU.Build.0 = Release|Any CPU
		{5E8AA154-1203-4EBC-A738-765D970C3BF4}.Debug|Any CPU.ActiveCfg = Debug|Any CPU
		{5E8AA154-1203-4EBC-A738-765D970C3BF4}.Debug|Any CPU.Build.0 = Debug|Any CPU
		{5E8AA154-1203-4EBC-A738-765D970C3BF4}.Release|Any CPU.ActiveCfg = Release|Any CPU
		{5E8AA154-1203-4EBC-A738-765D970C3BF4}.Release|Any CPU.Build.0 = Release|Any CPU
		{CEE29293-7FD2-4F12-9A94-F520432417A2}.Debug|Any CPU.ActiveCfg = Debug|Any CPU
		{CEE29293-7FD2-4F12-9A94-F520432417A2}.Debug|Any CPU.Build.0 = Debug|Any CPU
		{CEE29293-7FD2-4F12-9A94-F520432417A2}.Release|Any CPU.ActiveCfg = Release|Any CPU
		{CEE29293-7FD2-4F12-9A94-F520432417A2}.Release|Any CPU.Build.0 = Release|Any CPU
	EndGlobalSection
	GlobalSection(SolutionProperties) = preSolution
		HideSolutionNode = FALSE
	EndGlobalSection
	GlobalSection(ExtensibilityGlobals) = postSolution
		SolutionGuid = {6A6080A9-25C5-45D3-BD69-CFB79B25FCDD}
	EndGlobalSection
EndGlobal
